// !$*UTF8*$!
{
	archiveVersion = 1;
	classes = {
	};
	objectVersion = 48;
	objects = {

/* Begin PBXBuildFile section */
		3A3ACCFD205277F400498960 /* AppDelegate.m in Sources */ = {isa = PBXBuildFile; fileRef = 3A3ACCFC205277F400498960 /* AppDelegate.m */; };
		3A3ACD00205277F400498960 /* ViewController.m in Sources */ = {isa = PBXBuildFile; fileRef = 3A3ACCFF205277F400498960 /* ViewController.m */; };
		3A3ACD03205277F400498960 /* Main.storyboard in Resources */ = {isa = PBXBuildFile; fileRef = 3A3ACD01205277F400498960 /* Main.storyboard */; };
		3A3ACD06205277F500498960 /* jchenProject.xcdatamodeld in Sources */ = {isa = PBXBuildFile; fileRef = 3A3ACD04205277F500498960 /* jchenProject.xcdatamodeld */; };
		3A3ACD08205277F500498960 /* Assets.xcassets in Resources */ = {isa = PBXBuildFile; fileRef = 3A3ACD07205277F500498960 /* Assets.xcassets */; };
		3A3ACD0B205277F500498960 /* LaunchScreen.storyboard in Resources */ = {isa = PBXBuildFile; fileRef = 3A3ACD09205277F500498960 /* LaunchScreen.storyboard */; };
		3A3ACD0E205277F500498960 /* main.m in Sources */ = {isa = PBXBuildFile; fileRef = 3A3ACD0D205277F500498960 /* main.m */; };
		3A3ACD18205277F500498960 /* jchenProjectTests.m in Sources */ = {isa = PBXBuildFile; fileRef = 3A3ACD17205277F500498960 /* jchenProjectTests.m */; };
		3A3ACD23205277F500498960 /* jchenProjectUITests.m in Sources */ = {isa = PBXBuildFile; fileRef = 3A3ACD22205277F500498960 /* jchenProjectUITests.m */; };
/* End PBXBuildFile section */

/* Begin PBXContainerItemProxy section */
		3A3ACD14205277F500498960 /* PBXContainerItemProxy */ = {
			isa = PBXContainerItemProxy;
			containerPortal = 3A3ACCF0205277F300498960 /* Project object */;
			proxyType = 1;
			remoteGlobalIDString = 3A3ACCF7205277F400498960;
			remoteInfo = jchenProject;
		};
		3A3ACD1F205277F500498960 /* PBXContainerItemProxy */ = {
			isa = PBXContainerItemProxy;
			containerPortal = 3A3ACCF0205277F300498960 /* Project object */;
			proxyType = 1;
			remoteGlobalIDString = 3A3ACCF7205277F400498960;
			remoteInfo = jchenProject;
		};
/* End PBXContainerItemProxy section */

/* Begin PBXFileReference section */
		3A3ACCF8205277F400498960 /* jchenProject.app */ = {isa = PBXFileReference; explicitFileType = wrapper.application; includeInIndex = 0; path = jchenProject.app; sourceTree = BUILT_PRODUCTS_DIR; };
		3A3ACCFB205277F400498960 /* AppDelegate.h */ = {isa = PBXFileReference; lastKnownFileType = sourcecode.c.h; path = AppDelegate.h; sourceTree = "<group>"; };
		3A3ACCFC205277F400498960 /* AppDelegate.m */ = {isa = PBXFileReference; lastKnownFileType = sourcecode.c.objc; path = AppDelegate.m; sourceTree = "<group>"; };
		3A3ACCFE205277F400498960 /* ViewController.h */ = {isa = PBXFileReference; lastKnownFileType = sourcecode.c.h; path = ViewController.h; sourceTree = "<group>"; };
		3A3ACCFF205277F400498960 /* ViewController.m */ = {isa = PBXFileReference; lastKnownFileType = sourcecode.c.objc; path = ViewController.m; sourceTree = "<group>"; };
		3A3ACD02205277F400498960 /* Base */ = {isa = PBXFileReference; lastKnownFileType = file.storyboard; name = Base; path = Base.lproj/Main.storyboard; sourceTree = "<group>"; };
		3A3ACD05205277F500498960 /* jchenProject.xcdatamodel */ = {isa = PBXFileReference; lastKnownFileType = wrapper.xcdatamodel; path = jchenProject.xcdatamodel; sourceTree = "<group>"; };
		3A3ACD07205277F500498960 /* Assets.xcassets */ = {isa = PBXFileReference; lastKnownFileType = folder.assetcatalog; path = Assets.xcassets; sourceTree = "<group>"; };
		3A3ACD0A205277F500498960 /* Base */ = {isa = PBXFileReference; lastKnownFileType = file.storyboard; name = Base; path = Base.lproj/LaunchScreen.storyboard; sourceTree = "<group>"; };
		3A3ACD0C205277F500498960 /* Info.plist */ = {isa = PBXFileReference; lastKnownFileType = text.plist.xml; path = Info.plist; sourceTree = "<group>"; };
		3A3ACD0D205277F500498960 /* main.m */ = {isa = PBXFileReference; lastKnownFileType = sourcecode.c.objc; path = main.m; sourceTree = "<group>"; };
		3A3ACD13205277F500498960 /* jchenProjectTests.xctest */ = {isa = PBXFileReference; explicitFileType = wrapper.cfbundle; includeInIndex = 0; path = jchenProjectTests.xctest; sourceTree = BUILT_PRODUCTS_DIR; };
		3A3ACD17205277F500498960 /* jchenProjectTests.m */ = {isa = PBXFileReference; lastKnownFileType = sourcecode.c.objc; path = jchenProjectTests.m; sourceTree = "<group>"; };
		3A3ACD19205277F500498960 /* Info.plist */ = {isa = PBXFileReference; lastKnownFileType = text.plist.xml; path = Info.plist; sourceTree = "<group>"; };
		3A3ACD1E205277F500498960 /* jchenProjectUITests.xctest */ = {isa = PBXFileReference; explicitFileType = wrapper.cfbundle; includeInIndex = 0; path = jchenProjectUITests.xctest; sourceTree = BUILT_PRODUCTS_DIR; };
		3A3ACD22205277F500498960 /* jchenProjectUITests.m */ = {isa = PBXFileReference; lastKnownFileType = sourcecode.c.objc; path = jchenProjectUITests.m; sourceTree = "<group>"; };
		3A3ACD24205277F500498960 /* Info.plist */ = {isa = PBXFileReference; lastKnownFileType = text.plist.xml; path = Info.plist; sourceTree = "<group>"; };
/* End PBXFileReference section */

/* Begin PBXFrameworksBuildPhase section */
		3A3ACCF5205277F400498960 /* Frameworks */ = {
			isa = PBXFrameworksBuildPhase;
			buildActionMask = 2147483647;
			files = (
			);
			runOnlyForDeploymentPostprocessing = 0;
		};
		3A3ACD10205277F500498960 /* Frameworks */ = {
			isa = PBXFrameworksBuildPhase;
			buildActionMask = 2147483647;
			files = (
			);
			runOnlyForDeploymentPostprocessing = 0;
		};
		3A3ACD1B205277F500498960 /* Frameworks */ = {
			isa = PBXFrameworksBuildPhase;
			buildActionMask = 2147483647;
			files = (
			);
			runOnlyForDeploymentPostprocessing = 0;
		};
/* End PBXFrameworksBuildPhase section */

/* Begin PBXGroup section */
		3A3ACCEF205277F300498960 = {
			isa = PBXGroup;
			children = (
				3A3ACCFA205277F400498960 /* jchenProject */,
				3A3ACD16205277F500498960 /* jchenProjectTests */,
				3A3ACD21205277F500498960 /* jchenProjectUITests */,
				3A3ACCF9205277F400498960 /* Products */,
			);
			sourceTree = "<group>";
		};
		3A3ACCF9205277F400498960 /* Products */ = {
			isa = PBXGroup;
			children = (
				3A3ACCF8205277F400498960 /* jchenProject.app */,
				3A3ACD13205277F500498960 /* jchenProjectTests.xctest */,
				3A3ACD1E205277F500498960 /* jchenProjectUITests.xctest */,
			);
			name = Products;
			sourceTree = "<group>";
		};
		3A3ACCFA205277F400498960 /* jchenProject */ = {
			isa = PBXGroup;
			children = (
				3A3ACCFB205277F400498960 /* AppDelegate.h */,
				3A3ACCFC205277F400498960 /* AppDelegate.m */,
				3A3ACCFE205277F400498960 /* ViewController.h */,
				3A3ACCFF205277F400498960 /* ViewController.m */,
				3A3ACD01205277F400498960 /* Main.storyboard */,
				3A3ACD07205277F500498960 /* Assets.xcassets */,
				3A3ACD09205277F500498960 /* LaunchScreen.storyboard */,
				3A3ACD0C205277F500498960 /* Info.plist */,
				3A3ACD0D205277F500498960 /* main.m */,
				3A3ACD04205277F500498960 /* jchenProject.xcdatamodeld */,
			);
			path = jchenProject;
			sourceTree = "<group>";
		};
		3A3ACD16205277F500498960 /* jchenProjectTests */ = {
			isa = PBXGroup;
			children = (
				3A3ACD17205277F500498960 /* jchenProjectTests.m */,
				3A3ACD19205277F500498960 /* Info.plist */,
			);
			path = jchenProjectTests;
			sourceTree = "<group>";
		};
		3A3ACD21205277F500498960 /* jchenProjectUITests */ = {
			isa = PBXGroup;
			children = (
				3A3ACD22205277F500498960 /* jchenProjectUITests.m */,
				3A3ACD24205277F500498960 /* Info.plist */,
			);
			path = jchenProjectUITests;
			sourceTree = "<group>";
		};
/* End PBXGroup section */

/* Begin PBXNativeTarget section */
		3A3ACCF7205277F400498960 /* jchenProject */ = {
			isa = PBXNativeTarget;
			buildConfigurationList = 3A3ACD27205277F500498960 /* Build configuration list for PBXNativeTarget "jchenProject" */;
			buildPhases = (
				3A3ACCF4205277F400498960 /* Sources */,
				3A3ACCF5205277F400498960 /* Frameworks */,
				3A3ACCF6205277F400498960 /* Resources */,
			);
			buildRules = (
			);
			dependencies = (
			);
			name = jchenProject;
			productName = jchenProject;
			productReference = 3A3ACCF8205277F400498960 /* jchenProject.app */;
			productType = "com.apple.product-type.application";
		};
		3A3ACD12205277F500498960 /* jchenProjectTests */ = {
			isa = PBXNativeTarget;
			buildConfigurationList = 3A3ACD2A205277F500498960 /* Build configuration list for PBXNativeTarget "jchenProjectTests" */;
			buildPhases = (
				3A3ACD0F205277F500498960 /* Sources */,
				3A3ACD10205277F500498960 /* Frameworks */,
				3A3ACD11205277F500498960 /* Resources */,
			);
			buildRules = (
			);
			dependencies = (
				3A3ACD15205277F500498960 /* PBXTargetDependency */,
			);
			name = jchenProjectTests;
			productName = jchenProjectTests;
			productReference = 3A3ACD13205277F500498960 /* jchenProjectTests.xctest */;
			productType = "com.apple.product-type.bundle.unit-test";
		};
		3A3ACD1D205277F500498960 /* jchenProjectUITests */ = {
			isa = PBXNativeTarget;
			buildConfigurationList = 3A3ACD2D205277F500498960 /* Build configuration list for PBXNativeTarget "jchenProjectUITests" */;
			buildPhases = (
				3A3ACD1A205277F500498960 /* Sources */,
				3A3ACD1B205277F500498960 /* Frameworks */,
				3A3ACD1C205277F500498960 /* Resources */,
			);
			buildRules = (
			);
			dependencies = (
				3A3ACD20205277F500498960 /* PBXTargetDependency */,
			);
			name = jchenProjectUITests;
			productName = jchenProjectUITests;
			productReference = 3A3ACD1E205277F500498960 /* jchenProjectUITests.xctest */;
			productType = "com.apple.product-type.bundle.ui-testing";
		};
/* End PBXNativeTarget section */

/* Begin PBXProject section */
		3A3ACCF0205277F300498960 /* Project object */ = {
			isa = PBXProject;
			attributes = {
				LastUpgradeCheck = 0920;
				ORGANIZATIONNAME = Miss.Chen;
				TargetAttributes = {
					3A3ACCF7205277F400498960 = {
						CreatedOnToolsVersion = 9.2;
						ProvisioningStyle = Automatic;
					};
					3A3ACD12205277F500498960 = {
						CreatedOnToolsVersion = 9.2;
						ProvisioningStyle = Automatic;
						TestTargetID = 3A3ACCF7205277F400498960;
					};
					3A3ACD1D205277F500498960 = {
						CreatedOnToolsVersion = 9.2;
						ProvisioningStyle = Automatic;
						TestTargetID = 3A3ACCF7205277F400498960;
					};
				};
			};
			buildConfigurationList = 3A3ACCF3205277F300498960 /* Build configuration list for PBXProject "jchenProject" */;
			compatibilityVersion = "Xcode 8.0";
			developmentRegion = en;
			hasScannedForEncodings = 0;
			knownRegions = (
				en,
				Base,
			);
			mainGroup = 3A3ACCEF205277F300498960;
			productRefGroup = 3A3ACCF9205277F400498960 /* Products */;
			projectDirPath = "";
			projectRoot = "";
			targets = (
				3A3ACCF7205277F400498960 /* jchenProject */,
				3A3ACD12205277F500498960 /* jchenProjectTests */,
				3A3ACD1D205277F500498960 /* jchenProjectUITests */,
			);
		};
/* End PBXProject section */

/* Begin PBXResourcesBuildPhase section */
		3A3ACCF6205277F400498960 /* Resources */ = {
			isa = PBXResourcesBuildPhase;
			buildActionMask = 2147483647;
			files = (
				3A3ACD0B205277F500498960 /* LaunchScreen.storyboard in Resources */,
				3A3ACD08205277F500498960 /* Assets.xcassets in Resources */,
				3A3ACD03205277F400498960 /* Main.storyboard in Resources */,
			);
			runOnlyForDeploymentPostprocessing = 0;
		};
		3A3ACD11205277F500498960 /* Resources */ = {
			isa = PBXResourcesBuildPhase;
			buildActionMask = 2147483647;
			files = (
			);
			runOnlyForDeploymentPostprocessing = 0;
		};
		3A3ACD1C205277F500498960 /* Resources */ = {
			isa = PBXResourcesBuildPhase;
			buildActionMask = 2147483647;
			files = (
			);
			runOnlyForDeploymentPostprocessing = 0;
		};
/* End PBXResourcesBuildPhase section */

/* Begin PBXSourcesBuildPhase section */
		3A3ACCF4205277F400498960 /* Sources */ = {
			isa = PBXSourcesBuildPhase;
			buildActionMask = 2147483647;
			files = (
				3A3ACD06205277F500498960 /* jchenProject.xcdatamodeld in Sources */,
				3A3ACD00205277F400498960 /* ViewController.m in Sources */,
				3A3ACD0E205277F500498960 /* main.m in Sources */,
				3A3ACCFD205277F400498960 /* AppDelegate.m in Sources */,
			);
			runOnlyForDeploymentPostprocessing = 0;
		};
		3A3ACD0F205277F500498960 /* Sources */ = {
			isa = PBXSourcesBuildPhase;
			buildActionMask = 2147483647;
			files = (
				3A3ACD18205277F500498960 /* jchenProjectTests.m in Sources */,
			);
			runOnlyForDeploymentPostprocessing = 0;
		};
		3A3ACD1A205277F500498960 /* Sources */ = {
			isa = PBXSourcesBuildPhase;
			buildActionMask = 2147483647;
			files = (
				3A3ACD23205277F500498960 /* jchenProjectUITests.m in Sources */,
			);
			runOnlyForDeploymentPostprocessing = 0;
		};
/* End PBXSourcesBuildPhase section */

/* Begin PBXTargetDependency section */
		3A3ACD15205277F500498960 /* PBXTargetDependency */ = {
			isa = PBXTargetDependency;
			target = 3A3ACCF7205277F400498960 /* jchenProject */;
			targetProxy = 3A3ACD14205277F500498960 /* PBXContainerItemProxy */;
		};
		3A3ACD20205277F500498960 /* PBXTargetDependency */ = {
			isa = PBXTargetDependency;
			target = 3A3ACCF7205277F400498960 /* jchenProject */;
			targetProxy = 3A3ACD1F205277F500498960 /* PBXContainerItemProxy */;
		};
/* End PBXTargetDependency section */

/* Begin PBXVariantGroup section */
		3A3ACD01205277F400498960 /* Main.storyboard */ = {
			isa = PBXVariantGroup;
			children = (
				3A3ACD02205277F400498960 /* Base */,
			);
			name = Main.storyboard;
			sourceTree = "<group>";
		};
		3A3ACD09205277F500498960 /* LaunchScreen.storyboard */ = {
			isa = PBXVariantGroup;
			children = (
				3A3ACD0A205277F500498960 /* Base */,
			);
			name = LaunchScreen.storyboard;
			sourceTree = "<group>";
		};
/* End PBXVariantGroup section */

/* Begin XCBuildConfiguration section */
		3A3ACD25205277F500498960 /* Debug */ = {
			isa = XCBuildConfiguration;
			buildSettings = {
				ALWAYS_SEARCH_USER_PATHS = NO;
				CLANG_ANALYZER_NONNULL = YES;
				CLANG_ANALYZER_NUMBER_OBJECT_CONVERSION = YES_AGGRESSIVE;
				CLANG_CXX_LANGUAGE_STANDARD = "gnu++14";
				CLANG_CXX_LIBRARY = "libc++";
				CLANG_ENABLE_MODULES = YES;
				CLANG_ENABLE_OBJC_ARC = YES;
				CLANG_WARN_BLOCK_CAPTURE_AUTORELEASING = YES;
				CLANG_WARN_BOOL_CONVERSION = YES;
				CLANG_WARN_COMMA = YES;
				CLANG_WARN_CONSTANT_CONVERSION = YES;
				CLANG_WARN_DIRECT_OBJC_ISA_USAGE = YES_ERROR;
				CLANG_WARN_DOCUMENTATION_COMMENTS = YES;
				CLANG_WARN_EMPTY_BODY = YES;
				CLANG_WARN_ENUM_CONVERSION = YES;
				CLANG_WARN_INFINITE_RECURSION = YES;
				CLANG_WARN_INT_CONVERSION = YES;
				CLANG_WARN_NON_LITERAL_NULL_CONVERSION = YES;
				CLANG_WARN_OBJC_LITERAL_CONVERSION = YES;
				CLANG_WARN_OBJC_ROOT_CLASS = YES_ERROR;
				CLANG_WARN_RANGE_LOOP_ANALYSIS = YES;
				CLANG_WARN_STRICT_PROTOTYPES = YES;
				CLANG_WARN_SUSPICIOUS_MOVE = YES;
				CLANG_WARN_UNGUARDED_AVAILABILITY = YES_AGGRESSIVE;
				CLANG_WARN_UNREACHABLE_CODE = YES;
				CLANG_WARN__DUPLICATE_METHOD_MATCH = YES;
				CODE_SIGN_IDENTITY = "iPhone Developer";
				COPY_PHASE_STRIP = NO;
				DEBUG_INFORMATION_FORMAT = dwarf;
				ENABLE_STRICT_OBJC_MSGSEND = YES;
				ENABLE_TESTABILITY = YES;
				GCC_C_LANGUAGE_STANDARD = gnu11;
				GCC_DYNAMIC_NO_PIC = NO;
				GCC_NO_COMMON_BLOCKS = YES;
				GCC_OPTIMIZATION_LEVEL = 0;
				GCC_PREPROCESSOR_DEFINITIONS = (
					"DEBUG=1",
					"$(inherited)",
				);
				GCC_WARN_64_TO_32_BIT_CONVERSION = YES;
				GCC_WARN_ABOUT_RETURN_TYPE = YES_ERROR;
				GCC_WARN_UNDECLARED_SELECTOR = YES;
				GCC_WARN_UNINITIALIZED_AUTOS = YES_AGGRESSIVE;
				GCC_WARN_UNUSED_FUNCTION = YES;
				GCC_WARN_UNUSED_VARIABLE = YES;
				IPHONEOS_DEPLOYMENT_TARGET = 11.2;
				MTL_ENABLE_DEBUG_INFO = YES;
				ONLY_ACTIVE_ARCH = YES;
				SDKROOT = iphoneos;
			};
			name = Debug;
		};
		3A3ACD26205277F500498960 /* Release */ = {
			isa = XCBuildConfiguration;
			buildSettings = {
				ALWAYS_SEARCH_USER_PATHS = NO;
				CLANG_ANALYZER_NONNULL = YES;
				CLANG_ANALYZER_NUMBER_OBJECT_CONVERSION = YES_AGGRESSIVE;
				CLANG_CXX_LANGUAGE_STANDARD = "gnu++14";
				CLANG_CXX_LIBRARY = "libc++";
				CLANG_ENABLE_MODULES = YES;
				CLANG_ENABLE_OBJC_ARC = YES;
				CLANG_WARN_BLOCK_CAPTURE_AUTORELEASING = YES;
				CLANG_WARN_BOOL_CONVERSION = YES;
				CLANG_WARN_COMMA = YES;
				CLANG_WARN_CONSTANT_CONVERSION = YES;
				CLANG_WARN_DIRECT_OBJC_ISA_USAGE = YES_ERROR;
				CLANG_WARN_DOCUMENTATION_COMMENTS = YES;
				CLANG_WARN_EMPTY_BODY = YES;
				CLANG_WARN_ENUM_CONVERSION = YES;
				CLANG_WARN_INFINITE_RECURSION = YES;
				CLANG_WARN_INT_CONVERSION = YES;
				CLANG_WARN_NON_LITERAL_NULL_CONVERSION = YES;
				CLANG_WARN_OBJC_LITERAL_CONVERSION = YES;
				CLANG_WARN_OBJC_ROOT_CLASS = YES_ERROR;
				CLANG_WARN_RANGE_LOOP_ANALYSIS = YES;
				CLANG_WARN_STRICT_PROTOTYPES = YES;
				CLANG_WARN_SUSPICIOUS_MOVE = YES;
				CLANG_WARN_UNGUARDED_AVAILABILITY = YES_AGGRESSIVE;
				CLANG_WARN_UNREACHABLE_CODE = YES;
				CLANG_WARN__DUPLICATE_METHOD_MATCH = YES;
				CODE_SIGN_IDENTITY = "iPhone Developer";
				COPY_PHASE_STRIP = NO;
				DEBUG_INFORMATION_FORMAT = "dwarf-with-dsym";
				ENABLE_NS_ASSERTIONS = NO;
				ENABLE_STRICT_OBJC_MSGSEND = YES;
				GCC_C_LANGUAGE_STANDARD = gnu11;
				GCC_NO_COMMON_BLOCKS = YES;
				GCC_WARN_64_TO_32_BIT_CONVERSION = YES;
				GCC_WARN_ABOUT_RETURN_TYPE = YES_ERROR;
				GCC_WARN_UNDECLARED_SELECTOR = YES;
				GCC_WARN_UNINITIALIZED_AUTOS = YES_AGGRESSIVE;
				GCC_WARN_UNUSED_FUNCTION = YES;
				GCC_WARN_UNUSED_VARIABLE = YES;
				IPHONEOS_DEPLOYMENT_TARGET = 11.2;
				MTL_ENABLE_DEBUG_INFO = NO;
				SDKROOT = iphoneos;
				VALIDATE_PRODUCT = YES;
			};
			name = Release;
		};
		3A3ACD28205277F500498960 /* Debug */ = {
			isa = XCBuildConfiguration;
			buildSettings = {
				ASSETCATALOG_COMPILER_APPICON_NAME = AppIcon;
				CODE_SIGN_STYLE = Automatic;
				DEVELOPMENT_TEAM = W4PGUU58U2;
				INFOPLIST_FILE = jchenProject/Info.plist;
				LD_RUNPATH_SEARCH_PATHS = "$(inherited) @executable_path/Frameworks";
				PRODUCT_BUNDLE_IDENTIFIER = person.Jane.jchenProject;
				PRODUCT_NAME = "$(TARGET_NAME)";
				TARGETED_DEVICE_FAMILY = "1,2";
			};
			name = Debug;
		};
		3A3ACD29205277F500498960 /* Release */ = {
			isa = XCBuildConfiguration;
			buildSettings = {
				ASSETCATALOG_COMPILER_APPICON_NAME = AppIcon;
				CODE_SIGN_STYLE = Automatic;
				DEVELOPMENT_TEAM = W4PGUU58U2;
				INFOPLIST_FILE = jchenProject/Info.plist;
				LD_RUNPATH_SEARCH_PATHS = "$(inherited) @executable_path/Frameworks";
				PRODUCT_BUNDLE_IDENTIFIER = person.Jane.jchenProject;
				PRODUCT_NAME = "$(TARGET_NAME)";
				TARGETED_DEVICE_FAMILY = "1,2";
			};
			name = Release;
		};
		3A3ACD2B205277F500498960 /* Debug */ = {
			isa = XCBuildConfiguration;
			buildSettings = {
				BUNDLE_LOADER = "$(TEST_HOST)";
				CODE_SIGN_STYLE = Automatic;
				DEVELOPMENT_TEAM = W4PGUU58U2;
				INFOPLIST_FILE = jchenProjectTests/Info.plist;
				LD_RUNPATH_SEARCH_PATHS = "$(inherited) @executable_path/Frameworks @loader_path/Frameworks";
				PRODUCT_BUNDLE_IDENTIFIER = person.Jane.jchenProjectTests;
				PRODUCT_NAME = "$(TARGET_NAME)";
				TARGETED_DEVICE_FAMILY = "1,2";
				TEST_HOST = "$(BUILT_PRODUCTS_DIR)/jchenProject.app/jchenProject";
			};
			name = Debug;
		};
		3A3ACD2C205277F500498960 /* Release */ = {
			isa = XCBuildConfiguration;
			buildSettings = {
				BUNDLE_LOADER = "$(TEST_HOST)";
				CODE_SIGN_STYLE = Automatic;
				DEVELOPMENT_TEAM = W4PGUU58U2;
				INFOPLIST_FILE = jchenProjectTests/Info.plist;
				LD_RUNPATH_SEARCH_PATHS = "$(inherited) @executable_path/Frameworks @loader_path/Frameworks";
				PRODUCT_BUNDLE_IDENTIFIER = person.Jane.jchenProjectTests;
				PRODUCT_NAME = "$(TARGET_NAME)";
				TARGETED_DEVICE_FAMILY = "1,2";
				TEST_HOST = "$(BUILT_PRODUCTS_DIR)/jchenProject.app/jchenProject";
			};
			name = Release;
		};
		3A3ACD2E205277F500498960 /* Debug */ = {
			isa = XCBuildConfiguration;
			buildSettings = {
				CODE_SIGN_STYLE = Automatic;
				DEVELOPMENT_TEAM = W4PGUU58U2;
				INFOPLIST_FILE = jchenProjectUITests/Info.plist;
				LD_RUNPATH_SEARCH_PATHS = "$(inherited) @executable_path/Frameworks @loader_path/Frameworks";
				PRODUCT_BUNDLE_IDENTIFIER = person.Jane.jchenProjectUITests;
				PRODUCT_NAME = "$(TARGET_NAME)";
				TARGETED_DEVICE_FAMILY = "1,2";
				TEST_TARGET_NAME = jchenProject;
			};
			name = Debug;
		};
		3A3ACD2F205277F500498960 /* Release */ = {
			isa = XCBuildConfiguration;
			buildSettings = {
				CODE_SIGN_STYLE = Automatic;
				DEVELOPMENT_TEAM = W4PGUU58U2;
				INFOPLIST_FILE = jchenProjectUITests/Info.plist;
				LD_RUNPATH_SEARCH_PATHS = "$(inherited) @executable_path/Frameworks @loader_path/Frameworks";
				PRODUCT_BUNDLE_IDENTIFIER = person.Jane.jchenProjectUITests;
				PRODUCT_NAME = "$(TARGET_NAME)";
				TARGETED_DEVICE_FAMILY = "1,2";
				TEST_TARGET_NAME = jchenProject;
			};
			name = Release;
		};
/* End XCBuildConfiguration section */

/* Begin XCConfigurationList section */
		3A3ACCF3205277F300498960 /* Build configuration list for PBXProject "jchenProject" */ = {
			isa = XCConfigurationList;
			buildConfigurations = (
				3A3ACD25205277F500498960 /* Debug */,
				3A3ACD26205277F500498960 /* Release */,
			);
			defaultConfigurationIsVisible = 0;
			defaultConfigurationName = Release;
		};
		3A3ACD27205277F500498960 /* Build configuration list for PBXNativeTarget "jchenProject" */ = {
			isa = XCConfigurationList;
			buildConfigurations = (
				3A3ACD28205277F500498960 /* Debug */,
				3A3ACD29205277F500498960 /* Release */,
			);
			defaultConfigurationIsVisible = 0;
			defaultConfigurationName = Release;
		};
		3A3ACD2A205277F500498960 /* Build configuration list for PBXNativeTarget "jchenProjectTests" */ = {
			isa = XCConfigurationList;
			buildConfigurations = (
				3A3ACD2B205277F500498960 /* Debug */,
				3A3ACD2C205277F500498960 /* Release */,
			);
			defaultConfigurationIsVisible = 0;
			defaultConfigurationName = Release;
		};
		3A3ACD2D205277F500498960 /* Build configuration list for PBXNativeTarget "jchenProjectUITests" */ = {
			isa = XCConfigurationList;
			buildConfigurations = (
				3A3ACD2E205277F500498960 /* Debug */,
				3A3ACD2F205277F500498960 /* Release */,
			);
			defaultConfigurationIsVisible = 0;
			defaultConfigurationName = Release;
		};
/* End XCConfigurationList section */

/* Begin XCVersionGroup section */
		3A3ACD04205277F500498960 /* jchenProject.xcdatamodeld */ = {
			isa = XCVersionGroup;
			children = (
				3A3ACD05205277F500498960 /* jchenProject.xcdatamodel */,
			);
			currentVersion = 3A3ACD05205277F500498960 /* jchenProject.xcdatamodel */;
			path = jchenProject.xcdatamodeld;
			sourceTree = "<group>";
			versionGroupType = wrapper.xcdatamodel;
		};
/* End XCVersionGroup section */
	};
	rootObject = 3A3ACCF0205277F300498960 /* Project object */;
}
